// !$*UTF8*$!
{
	archiveVersion = 1;
	classes = {
	};
	objectVersion = 46;
	objects = {

/* Begin PBXBuildFile section */
		F2EA990C1A6B48F100629ED6 /* main.m in Sources */ = {isa = PBXBuildFile; fileRef = F2EA990B1A6B48F100629ED6 /* main.m */; };
		F2EA990F1A6B48F100629ED6 /* AppDelegate.m in Sources */ = {isa = PBXBuildFile; fileRef = F2EA990E1A6B48F100629ED6 /* AppDelegate.m */; };
		F2EA99121A6B48F100629ED6 /* Welcome.m in Sources */ = {isa = PBXBuildFile; fileRef = F2EA99111A6B48F100629ED6 /* Welcome.m */; };
		F2EA99151A6B48F100629ED6 /* Main.storyboard in Resources */ = {isa = PBXBuildFile; fileRef = F2EA99131A6B48F100629ED6 /* Main.storyboard */; };
		F2EA99171A6B48F100629ED6 /* Images.xcassets in Resources */ = {isa = PBXBuildFile; fileRef = F2EA99161A6B48F100629ED6 /* Images.xcassets */; };
		F2EA991A1A6B48F100629ED6 /* LaunchScreen.xib in Resources */ = {isa = PBXBuildFile; fileRef = F2EA99181A6B48F100629ED6 /* LaunchScreen.xib */; };
		F2EA99261A6B48F200629ED6 /* TareaObjCTests.m in Sources */ = {isa = PBXBuildFile; fileRef = F2EA99251A6B48F200629ED6 /* TareaObjCTests.m */; };
		F2EA99351A6B4EC400629ED6 /* bartSimpson.png in Resources */ = {isa = PBXBuildFile; fileRef = F2EA99301A6B4EC400629ED6 /* bartSimpson.png */; };
		F2EA99361A6B4EC400629ED6 /* homeroSimpson.jpg in Resources */ = {isa = PBXBuildFile; fileRef = F2EA99311A6B4EC400629ED6 /* homeroSimpson.jpg */; };
		F2EA99371A6B4EC400629ED6 /* LisaSimpson.png in Resources */ = {isa = PBXBuildFile; fileRef = F2EA99321A6B4EC400629ED6 /* LisaSimpson.png */; };
		F2EA99381A6B4EC400629ED6 /* maggieSimpson.jpg in Resources */ = {isa = PBXBuildFile; fileRef = F2EA99331A6B4EC400629ED6 /* maggieSimpson.jpg */; };
		F2EA99391A6B4EC400629ED6 /* margeSimpson.png in Resources */ = {isa = PBXBuildFile; fileRef = F2EA99341A6B4EC400629ED6 /* margeSimpson.png */; };
		F2EA993C1A6B536200629ED6 /* GlobalVars.m in Sources */ = {isa = PBXBuildFile; fileRef = F2EA993B1A6B536200629ED6 /* GlobalVars.m */; };
		F2EA993F1A6B64FE00629ED6 /* ShowView.m in Sources */ = {isa = PBXBuildFile; fileRef = F2EA993E1A6B64FE00629ED6 /* ShowView.m */; };
/* End PBXBuildFile section */

/* Begin PBXContainerItemProxy section */
		F2EA99201A6B48F200629ED6 /* PBXContainerItemProxy */ = {
			isa = PBXContainerItemProxy;
			containerPortal = F2EA98FE1A6B48F100629ED6 /* Project object */;
			proxyType = 1;
			remoteGlobalIDString = F2EA99051A6B48F100629ED6;
			remoteInfo = TareaObjC;
		};
/* End PBXContainerItemProxy section */

/* Begin PBXFileReference section */
		F2EA99061A6B48F100629ED6 /* TareaObjC.app */ = {isa = PBXFileReference; explicitFileType = wrapper.application; includeInIndex = 0; path = TareaObjC.app; sourceTree = BUILT_PRODUCTS_DIR; };
		F2EA990A1A6B48F100629ED6 /* Info.plist */ = {isa = PBXFileReference; lastKnownFileType = text.plist.xml; path = Info.plist; sourceTree = "<group>"; };
		F2EA990B1A6B48F100629ED6 /* main.m */ = {isa = PBXFileReference; lastKnownFileType = sourcecode.c.objc; path = main.m; sourceTree = "<group>"; };
		F2EA990D1A6B48F100629ED6 /* AppDelegate.h */ = {isa = PBXFileReference; lastKnownFileType = sourcecode.c.h; path = AppDelegate.h; sourceTree = "<group>"; };
		F2EA990E1A6B48F100629ED6 /* AppDelegate.m */ = {isa = PBXFileReference; lastKnownFileType = sourcecode.c.objc; path = AppDelegate.m; sourceTree = "<group>"; };
		F2EA99101A6B48F100629ED6 /* Welcome.h */ = {isa = PBXFileReference; lastKnownFileType = sourcecode.c.h; path = Welcome.h; sourceTree = "<group>"; };
		F2EA99111A6B48F100629ED6 /* Welcome.m */ = {isa = PBXFileReference; lastKnownFileType = sourcecode.c.objc; path = Welcome.m; sourceTree = "<group>"; };
		F2EA99141A6B48F100629ED6 /* Base */ = {isa = PBXFileReference; lastKnownFileType = file.storyboard; name = Base; path = Base.lproj/Main.storyboard; sourceTree = "<group>"; };
		F2EA99161A6B48F100629ED6 /* Images.xcassets */ = {isa = PBXFileReference; lastKnownFileType = folder.assetcatalog; path = Images.xcassets; sourceTree = "<group>"; };
		F2EA99191A6B48F100629ED6 /* Base */ = {isa = PBXFileReference; lastKnownFileType = file.xib; name = Base; path = Base.lproj/LaunchScreen.xib; sourceTree = "<group>"; };
		F2EA991F1A6B48F200629ED6 /* TareaObjCTests.xctest */ = {isa = PBXFileReference; explicitFileType = wrapper.cfbundle; includeInIndex = 0; path = TareaObjCTests.xctest; sourceTree = BUILT_PRODUCTS_DIR; };
		F2EA99241A6B48F200629ED6 /* Info.plist */ = {isa = PBXFileReference; lastKnownFileType = text.plist.xml; path = Info.plist; sourceTree = "<group>"; };
		F2EA99251A6B48F200629ED6 /* TareaObjCTests.m */ = {isa = PBXFileReference; lastKnownFileType = sourcecode.c.objc; path = TareaObjCTests.m; sourceTree = "<group>"; };
		F2EA99301A6B4EC400629ED6 /* bartSimpson.png */ = {isa = PBXFileReference; lastKnownFileType = image.png; path = bartSimpson.png; sourceTree = "<group>"; };
		F2EA99311A6B4EC400629ED6 /* homeroSimpson.jpg */ = {isa = PBXFileReference; lastKnownFileType = image.jpeg; path = homeroSimpson.jpg; sourceTree = "<group>"; };
		F2EA99321A6B4EC400629ED6 /* LisaSimpson.png */ = {isa = PBXFileReference; lastKnownFileType = image.png; path = LisaSimpson.png; sourceTree = "<group>"; };
		F2EA99331A6B4EC400629ED6 /* maggieSimpson.jpg */ = {isa = PBXFileReference; lastKnownFileType = image.jpeg; path = maggieSimpson.jpg; sourceTree = "<group>"; };
		F2EA99341A6B4EC400629ED6 /* margeSimpson.png */ = {isa = PBXFileReference; lastKnownFileType = image.png; path = margeSimpson.png; sourceTree = "<group>"; };
		F2EA993A1A6B536200629ED6 /* GlobalVars.h */ = {isa = PBXFileReference; fileEncoding = 4; lastKnownFileType = sourcecode.c.h; path = GlobalVars.h; sourceTree = "<group>"; };
		F2EA993B1A6B536200629ED6 /* GlobalVars.m */ = {isa = PBXFileReference; fileEncoding = 4; lastKnownFileType = sourcecode.c.objc; path = GlobalVars.m; sourceTree = "<group>"; };
		F2EA993D1A6B64FE00629ED6 /* ShowView.h */ = {isa = PBXFileReference; fileEncoding = 4; lastKnownFileType = sourcecode.c.h; path = ShowView.h; sourceTree = "<group>"; };
		F2EA993E1A6B64FE00629ED6 /* ShowView.m */ = {isa = PBXFileReference; fileEncoding = 4; lastKnownFileType = sourcecode.c.objc; path = ShowView.m; sourceTree = "<group>"; };
/* End PBXFileReference section */

/* Begin PBXFrameworksBuildPhase section */
		F2EA99031A6B48F100629ED6 /* Frameworks */ = {
			isa = PBXFrameworksBuildPhase;
			buildActionMask = 2147483647;
			files = (
			);
			runOnlyForDeploymentPostprocessing = 0;
		};
		F2EA991C1A6B48F200629ED6 /* Frameworks */ = {
			isa = PBXFrameworksBuildPhase;
			buildActionMask = 2147483647;
			files = (
			);
			runOnlyForDeploymentPostprocessing = 0;
		};
/* End PBXFrameworksBuildPhase section */

/* Begin PBXGroup section */
		F2EA98FD1A6B48F100629ED6 = {
			isa = PBXGroup;
			children = (
				F2EA992F1A6B4E6800629ED6 /* Images */,
				F2EA99081A6B48F100629ED6 /* TareaObjC */,
				F2EA99221A6B48F200629ED6 /* TareaObjCTests */,
				F2EA99071A6B48F100629ED6 /* Products */,
			);
			sourceTree = "<group>";
		};
		F2EA99071A6B48F100629ED6 /* Products */ = {
			isa = PBXGroup;
			children = (
				F2EA99061A6B48F100629ED6 /* TareaObjC.app */,
				F2EA991F1A6B48F200629ED6 /* TareaObjCTests.xctest */,
			);
			name = Products;
			sourceTree = "<group>";
		};
		F2EA99081A6B48F100629ED6 /* TareaObjC */ = {
			isa = PBXGroup;
			children = (
				F2EA990D1A6B48F100629ED6 /* AppDelegate.h */,
				F2EA990E1A6B48F100629ED6 /* AppDelegate.m */,
				F2EA993A1A6B536200629ED6 /* GlobalVars.h */,
				F2EA993B1A6B536200629ED6 /* GlobalVars.m */,
				F2EA99101A6B48F100629ED6 /* Welcome.h */,
				F2EA99111A6B48F100629ED6 /* Welcome.m */,
				F2EA993D1A6B64FE00629ED6 /* ShowView.h */,
				F2EA993E1A6B64FE00629ED6 /* ShowView.m */,
				F2EA99131A6B48F100629ED6 /* Main.storyboard */,
				F2EA99161A6B48F100629ED6 /* Images.xcassets */,
				F2EA99181A6B48F100629ED6 /* LaunchScreen.xib */,
				F2EA99091A6B48F100629ED6 /* Supporting Files */,
			);
			path = TareaObjC;
			sourceTree = "<group>";
		};
		F2EA99091A6B48F100629ED6 /* Supporting Files */ = {
			isa = PBXGroup;
			children = (
				F2EA990A1A6B48F100629ED6 /* Info.plist */,
				F2EA990B1A6B48F100629ED6 /* main.m */,
			);
			name = "Supporting Files";
			sourceTree = "<group>";
		};
		F2EA99221A6B48F200629ED6 /* TareaObjCTests */ = {
			isa = PBXGroup;
			children = (
				F2EA99251A6B48F200629ED6 /* TareaObjCTests.m */,
				F2EA99231A6B48F200629ED6 /* Supporting Files */,
			);
			path = TareaObjCTests;
			sourceTree = "<group>";
		};
		F2EA99231A6B48F200629ED6 /* Supporting Files */ = {
			isa = PBXGroup;
			children = (
				F2EA99241A6B48F200629ED6 /* Info.plist */,
			);
			name = "Supporting Files";
			sourceTree = "<group>";
		};
		F2EA992F1A6B4E6800629ED6 /* Images */ = {
			isa = PBXGroup;
			children = (
				F2EA99301A6B4EC400629ED6 /* bartSimpson.png */,
				F2EA99311A6B4EC400629ED6 /* homeroSimpson.jpg */,
				F2EA99321A6B4EC400629ED6 /* LisaSimpson.png */,
				F2EA99331A6B4EC400629ED6 /* maggieSimpson.jpg */,
				F2EA99341A6B4EC400629ED6 /* margeSimpson.png */,
			);
			name = Images;
			sourceTree = "<group>";
		};
/* End PBXGroup section */

/* Begin PBXNativeTarget section */
		F2EA99051A6B48F100629ED6 /* TareaObjC */ = {
			isa = PBXNativeTarget;
			buildConfigurationList = F2EA99291A6B48F200629ED6 /* Build configuration list for PBXNativeTarget "TareaObjC" */;
			buildPhases = (
				F2EA99021A6B48F100629ED6 /* Sources */,
				F2EA99031A6B48F100629ED6 /* Frameworks */,
				F2EA99041A6B48F100629ED6 /* Resources */,
			);
			buildRules = (
			);
			dependencies = (
			);
			name = TareaObjC;
			productName = TareaObjC;
			productReference = F2EA99061A6B48F100629ED6 /* TareaObjC.app */;
			productType = "com.apple.product-type.application";
		};
		F2EA991E1A6B48F200629ED6 /* TareaObjCTests */ = {
			isa = PBXNativeTarget;
			buildConfigurationList = F2EA992C1A6B48F200629ED6 /* Build configuration list for PBXNativeTarget "TareaObjCTests" */;
			buildPhases = (
				F2EA991B1A6B48F200629ED6 /* Sources */,
				F2EA991C1A6B48F200629ED6 /* Frameworks */,
				F2EA991D1A6B48F200629ED6 /* Resources */,
			);
			buildRules = (
			);
			dependencies = (
				F2EA99211A6B48F200629ED6 /* PBXTargetDependency */,
			);
			name = TareaObjCTests;
			productName = TareaObjCTests;
			productReference = F2EA991F1A6B48F200629ED6 /* TareaObjCTests.xctest */;
			productType = "com.apple.product-type.bundle.unit-test";
		};
/* End PBXNativeTarget section */

/* Begin PBXProject section */
		F2EA98FE1A6B48F100629ED6 /* Project object */ = {
			isa = PBXProject;
			attributes = {
				LastUpgradeCheck = 0610;
				ORGANIZATIONNAME = "Galileo Guzman";
				TargetAttributes = {
					F2EA99051A6B48F100629ED6 = {
						CreatedOnToolsVersion = 6.1.1;
					};
					F2EA991E1A6B48F200629ED6 = {
						CreatedOnToolsVersion = 6.1.1;
						TestTargetID = F2EA99051A6B48F100629ED6;
					};
				};
			};
			buildConfigurationList = F2EA99011A6B48F100629ED6 /* Build configuration list for PBXProject "TareaObjC" */;
			compatibilityVersion = "Xcode 3.2";
			developmentRegion = English;
			hasScannedForEncodings = 0;
			knownRegions = (
				en,
				Base,
			);
			mainGroup = F2EA98FD1A6B48F100629ED6;
			productRefGroup = F2EA99071A6B48F100629ED6 /* Products */;
			projectDirPath = "";
			projectRoot = "";
			targets = (
				F2EA99051A6B48F100629ED6 /* TareaObjC */,
				F2EA991E1A6B48F200629ED6 /* TareaObjCTests */,
			);
		};
/* End PBXProject section */

/* Begin PBXResourcesBuildPhase section */
		F2EA99041A6B48F100629ED6 /* Resources */ = {
			isa = PBXResourcesBuildPhase;
			buildActionMask = 2147483647;
			files = (
				F2EA99391A6B4EC400629ED6 /* margeSimpson.png in Resources */,
				F2EA99351A6B4EC400629ED6 /* bartSimpson.png in Resources */,
				F2EA99151A6B48F100629ED6 /* Main.storyboard in Resources */,
				F2EA991A1A6B48F100629ED6 /* LaunchScreen.xib in Resources */,
				F2EA99381A6B4EC400629ED6 /* maggieSimpson.jpg in Resources */,
				F2EA99361A6B4EC400629ED6 /* homeroSimpson.jpg in Resources */,
				F2EA99371A6B4EC400629ED6 /* LisaSimpson.png in Resources */,
				F2EA99171A6B48F100629ED6 /* Images.xcassets in Resources */,
			);
			runOnlyForDeploymentPostprocessing = 0;
		};
		F2EA991D1A6B48F200629ED6 /* Resources */ = {
			isa = PBXResourcesBuildPhase;
			buildActionMask = 2147483647;
			files = (
			);
			runOnlyForDeploymentPostprocessing = 0;
		};
/* End PBXResourcesBuildPhase section */

/* Begin PBXSourcesBuildPhase section */
		F2EA99021A6B48F100629ED6 /* Sources */ = {
			isa = PBXSourcesBuildPhase;
			buildActionMask = 2147483647;
			files = (
				F2EA993C1A6B536200629ED6 /* GlobalVars.m in Sources */,
				F2EA99121A6B48F100629ED6 /* Welcome.m in Sources */,
				F2EA990F1A6B48F100629ED6 /* AppDelegate.m in Sources */,
				F2EA993F1A6B64FE00629ED6 /* ShowView.m in Sources */,
				F2EA990C1A6B48F100629ED6 /* main.m in Sources */,
			);
			runOnlyForDeploymentPostprocessing = 0;
		};
		F2EA991B1A6B48F200629ED6 /* Sources */ = {
			isa = PBXSourcesBuildPhase;
			buildActionMask = 2147483647;
			files = (
				F2EA99261A6B48F200629ED6 /* TareaObjCTests.m in Sources */,
			);
			runOnlyForDeploymentPostprocessing = 0;
		};
/* End PBXSourcesBuildPhase section */

/* Begin PBXTargetDependency section */
		F2EA99211A6B48F200629ED6 /* PBXTargetDependency */ = {
			isa = PBXTargetDependency;
			target = F2EA99051A6B48F100629ED6 /* TareaObjC */;
			targetProxy = F2EA99201A6B48F200629ED6 /* PBXContainerItemProxy */;
		};
/* End PBXTargetDependency section */

/* Begin PBXVariantGroup section */
		F2EA99131A6B48F100629ED6 /* Main.storyboard */ = {
			isa = PBXVariantGroup;
			children = (
				F2EA99141A6B48F100629ED6 /* Base */,
			);
			name = Main.storyboard;
			sourceTree = "<group>";
		};
		F2EA99181A6B48F100629ED6 /* LaunchScreen.xib */ = {
			isa = PBXVariantGroup;
			children = (
				F2EA99191A6B48F100629ED6 /* Base */,
			);
			name = LaunchScreen.xib;
			sourceTree = "<group>";
		};
/* End PBXVariantGroup section */

/* Begin XCBuildConfiguration section */
		F2EA99271A6B48F200629ED6 /* Debug */ = {
			isa = XCBuildConfiguration;
			buildSettings = {
				ALWAYS_SEARCH_USER_PATHS = NO;
				CLANG_CXX_LANGUAGE_STANDARD = "gnu++0x";
				CLANG_CXX_LIBRARY = "libc++";
				CLANG_ENABLE_MODULES = YES;
				CLANG_ENABLE_OBJC_ARC = YES;
				CLANG_WARN_BOOL_CONVERSION = YES;
				CLANG_WARN_CONSTANT_CONVERSION = YES;
				CLANG_WARN_DIRECT_OBJC_ISA_USAGE = YES_ERROR;
				CLANG_WARN_EMPTY_BODY = YES;
				CLANG_WARN_ENUM_CONVERSION = YES;
				CLANG_WARN_INT_CONVERSION = YES;
				CLANG_WARN_OBJC_ROOT_CLASS = YES_ERROR;
				CLANG_WARN_UNREACHABLE_CODE = YES;
				CLANG_WARN__DUPLICATE_METHOD_MATCH = YES;
				"CODE_SIGN_IDENTITY[sdk=iphoneos*]" = "iPhone Developer";
				COPY_PHASE_STRIP = NO;
				ENABLE_STRICT_OBJC_MSGSEND = YES;
				GCC_C_LANGUAGE_STANDARD = gnu99;
				GCC_DYNAMIC_NO_PIC = NO;
				GCC_OPTIMIZATION_LEVEL = 0;
				GCC_PREPROCESSOR_DEFINITIONS = (
					"DEBUG=1",
					"$(inherited)",
				);
				GCC_SYMBOLS_PRIVATE_EXTERN = NO;
				GCC_WARN_64_TO_32_BIT_CONVERSION = YES;
				GCC_WARN_ABOUT_RETURN_TYPE = YES_ERROR;
				GCC_WARN_UNDECLARED_SELECTOR = YES;
				GCC_WARN_UNINITIALIZED_AUTOS = YES_AGGRESSIVE;
				GCC_WARN_UNUSED_FUNCTION = YES;
				GCC_WARN_UNUSED_VARIABLE = YES;
				IPHONEOS_DEPLOYMENT_TARGET = 8.1;
				MTL_ENABLE_DEBUG_INFO = YES;
				ONLY_ACTIVE_ARCH = YES;
				SDKROOT = iphoneos;
			};
			name = Debug;
		};
		F2EA99281A6B48F200629ED6 /* Release */ = {
			isa = XCBuildConfiguration;
			buildSettings = {
				ALWAYS_SEARCH_USER_PATHS = NO;
				CLANG_CXX_LANGUAGE_STANDARD = "gnu++0x";
				CLANG_CXX_LIBRARY = "libc++";
				CLANG_ENABLE_MODULES = YES;
				CLANG_ENABLE_OBJC_ARC = YES;
				CLANG_WARN_BOOL_CONVERSION = YES;
				CLANG_WARN_CONSTANT_CONVERSION = YES;
				CLANG_WARN_DIRECT_OBJC_ISA_USAGE = YES_ERROR;
				CLANG_WARN_EMPTY_BODY = YES;
				CLANG_WARN_ENUM_CONVERSION = YES;
				CLANG_WARN_INT_CONVERSION = YES;
				CLANG_WARN_OBJC_ROOT_CLASS = YES_ERROR;
				CLANG_WARN_UNREACHABLE_CODE = YES;
				CLANG_WARN__DUPLICATE_METHOD_MATCH = YES;
				"CODE_SIGN_IDENTITY[sdk=iphoneos*]" = "iPhone Developer";
				COPY_PHASE_STRIP = YES;
				ENABLE_NS_ASSERTIONS = NO;
				ENABLE_STRICT_OBJC_MSGSEND = YES;
				GCC_C_LANGUAGE_STANDARD = gnu99;
				GCC_WARN_64_TO_32_BIT_CONVERSION = YES;
				GCC_WARN_ABOUT_RETURN_TYPE = YES_ERROR;
				GCC_WARN_UNDECLARED_SELECTOR = YES;
				GCC_WARN_UNINITIALIZED_AUTOS = YES_AGGRESSIVE;
				GCC_WARN_UNUSED_FUNCTION = YES;
				GCC_WARN_UNUSED_VARIABLE = YES;
				IPHONEOS_DEPLOYMENT_TARGET = 8.1;
				MTL_ENABLE_DEBUG_INFO = NO;
				SDKROOT = iphoneos;
				VALIDATE_PRODUCT = YES;
			};
			name = Release;
		};
		F2EA992A1A6B48F200629ED6 /* Debug */ = {
			isa = XCBuildConfiguration;
			buildSettings = {
				ASSETCATALOG_COMPILER_APPICON_NAME = AppIcon;
				INFOPLIST_FILE = TareaObjC/Info.plist;
				LD_RUNPATH_SEARCH_PATHS = "$(inherited) @executable_path/Frameworks";
				PRODUCT_NAME = "$(TARGET_NAME)";
			};
			name = Debug;
		};
		F2EA992B1A6B48F200629ED6 /* Release */ = {
			isa = XCBuildConfiguration;
			buildSettings = {
				ASSETCATALOG_COMPILER_APPICON_NAME = AppIcon;
				INFOPLIST_FILE = TareaObjC/Info.plist;
				LD_RUNPATH_SEARCH_PATHS = "$(inherited) @executable_path/Frameworks";
				PRODUCT_NAME = "$(TARGET_NAME)";
			};
			name = Release;
		};
		F2EA992D1A6B48F200629ED6 /* Debug */ = {
			isa = XCBuildConfiguration;
			buildSettings = {
				BUNDLE_LOADER = "$(TEST_HOST)";
				FRAMEWORK_SEARCH_PATHS = (
					"$(SDKROOT)/Developer/Library/Frameworks",
					"$(inherited)",
				);
				GCC_PREPROCESSOR_DEFINITIONS = (
					"DEBUG=1",
					"$(inherited)",
				);
				INFOPLIST_FILE = TareaObjCTests/Info.plist;
				LD_RUNPATH_SEARCH_PATHS = "$(inherited) @executable_path/Frameworks @loader_path/Frameworks";
				PRODUCT_NAME = "$(TARGET_NAME)";
				TEST_HOST = "$(BUILT_PRODUCTS_DIR)/TareaObjC.app/TareaObjC";
			};
			name = Debug;
		};
		F2EA992E1A6B48F200629ED6 /* Release */ = {
			isa = XCBuildConfiguration;
			buildSettings = {
				BUNDLE_LOADER = "$(TEST_HOST)";
				FRAMEWORK_SEARCH_PATHS = (
					"$(SDKROOT)/Developer/Library/Frameworks",
					"$(inherited)",
				);
				INFOPLIST_FILE = TareaObjCTests/Info.plist;
				LD_RUNPATH_SEARCH_PATHS = "$(inherited) @executable_path/Frameworks @loader_path/Frameworks";
				PRODUCT_NAME = "$(TARGET_NAME)";
				TEST_HOST = "$(BUILT_PRODUCTS_DIR)/TareaObjC.app/TareaObjC";
			};
			name = Release;
		};
/* End XCBuildConfiguration section */

/* Begin XCConfigurationList section */
		F2EA99011A6B48F100629ED6 /* Build configuration list for PBXProject "TareaObjC" */ = {
			isa = XCConfigurationList;
			buildConfigurations = (
				F2EA99271A6B48F200629ED6 /* Debug */,
				F2EA99281A6B48F200629ED6 /* Release */,
			);
			defaultConfigurationIsVisible = 0;
			defaultConfigurationName = Release;
		};
		F2EA99291A6B48F200629ED6 /* Build configuration list for PBXNativeTarget "TareaObjC" */ = {
			isa = XCConfigurationList;
			buildConfigurations = (
				F2EA992A1A6B48F200629ED6 /* Debug */,
				F2EA992B1A6B48F200629ED6 /* Release */,
			);
			defaultConfigurationIsVisible = 0;
		};
		F2EA992C1A6B48F200629ED6 /* Build configuration list for PBXNativeTarget "TareaObjCTests" */ = {
			isa = XCConfigurationList;
			buildConfigurations = (
				F2EA992D1A6B48F200629ED6 /* Debug */,
				F2EA992E1A6B48F200629ED6 /* Release */,
			);
			defaultConfigurationIsVisible = 0;
		};
/* End XCConfigurationList section */
	};
	rootObject = F2EA98FE1A6B48F100629ED6 /* Project object */;
}
